// !$*UTF8*$!
{
	archiveVersion = 1;
	classes = {
	};
	objectVersion = 77;
	objects = {

/* Begin PBXBuildFile section */
		F8F84EE72E328727003BC461 /* TodoModel.xcdatamodeld in Sources */ = {isa = PBXBuildFile; fileRef = F8F84EE12E328727003BC461 /* TodoModel.xcdatamodeld */; };
		F8F84EE82E328727003BC461 /* EffectiveMobileTestApp.swift in Sources */ = {isa = PBXBuildFile; fileRef = F8F84EE22E328727003BC461 /* EffectiveMobileTestApp.swift */; };
		F8F84EEA2E328727003BC461 /* Assets.xcassets in Resources */ = {isa = PBXBuildFile; fileRef = F8F84EDF2E328727003BC461 /* Assets.xcassets */; };
		F8F84EF02E328810003BC461 /* Router.swift in Sources */ = {isa = PBXBuildFile; fileRef = F8F84EEF2E328810003BC461 /* Router.swift */; };
		F8F84EF32E328832003BC461 /* Route.swift in Sources */ = {isa = PBXBuildFile; fileRef = F8F84EF22E328832003BC461 /* Route.swift */; };
		F8F84EF72E3288C3003BC461 /* MainListView.swift in Sources */ = {isa = PBXBuildFile; fileRef = F8F84EF62E3288C1003BC461 /* MainListView.swift */; };
		F8F84EFB2E328E6B003BC461 /* TodoResponse.swift in Sources */ = {isa = PBXBuildFile; fileRef = F8F84EFA2E328E4F003BC461 /* TodoResponse.swift */; };
		F8F84F052E328E89003BC461 /* NetworkErrors.swift in Sources */ = {isa = PBXBuildFile; fileRef = F8F84EFF2E328E89003BC461 /* NetworkErrors.swift */; };
		F8F84F062E328E89003BC461 /* NetworkAgent.swift in Sources */ = {isa = PBXBuildFile; fileRef = F8F84EFE2E328E89003BC461 /* NetworkAgent.swift */; };
		F8F84F0C2E32929B003BC461 /* CoreDataManager.swift in Sources */ = {isa = PBXBuildFile; fileRef = F8F84F0B2E329297003BC461 /* CoreDataManager.swift */; };
		F8F84F102E3293AE003BC461 /* MainListVM.swift in Sources */ = {isa = PBXBuildFile; fileRef = F8F84F0F2E3293AA003BC461 /* MainListVM.swift */; };
		F8FA2E662E32A71C0064AD7B /* NewTaskView.swift in Sources */ = {isa = PBXBuildFile; fileRef = F8FA2E652E32A71B0064AD7B /* NewTaskView.swift */; };
		F8FA2E692E32AA920064AD7B /* MainListToolbar.swift in Sources */ = {isa = PBXBuildFile; fileRef = F8FA2E682E32AA890064AD7B /* MainListToolbar.swift */; };
		F8FA2E6B2E32AB4C0064AD7B /* SearchView.swift in Sources */ = {isa = PBXBuildFile; fileRef = F8FA2E6A2E32AB4B0064AD7B /* SearchView.swift */; };
		F8FA2E6D2E32B7340064AD7B /* EditTaskView.swift in Sources */ = {isa = PBXBuildFile; fileRef = F8FA2E6C2E32B7330064AD7B /* EditTaskView.swift */; };
		F8FA2E6F2E3324930064AD7B /* ListContextMenu.swift in Sources */ = {isa = PBXBuildFile; fileRef = F8FA2E6E2E3324870064AD7B /* ListContextMenu.swift */; };
		F8FA2E732E3326080064AD7B /* CheckButton.swift in Sources */ = {isa = PBXBuildFile; fileRef = F8FA2E722E3326040064AD7B /* CheckButton.swift */; };
		F8FA2E752E33616C0064AD7B /* EditViewToolbar.swift in Sources */ = {isa = PBXBuildFile; fileRef = F8FA2E742E3361610064AD7B /* EditViewToolbar.swift */; };
		F8FA2E782E3362D50064AD7B /* Data.swift in Sources */ = {isa = PBXBuildFile; fileRef = F8FA2E772E3362D30064AD7B /* Data.swift */; };
		F8FA2E7A2E3529870064AD7B /* SearchVM.swift in Sources */ = {isa = PBXBuildFile; fileRef = F8FA2E792E35297D0064AD7B /* SearchVM.swift */; };
		F8FA2E7C2E3A370C0064AD7B /* NewTaskVM.swift in Sources */ = {isa = PBXBuildFile; fileRef = F8FA2E7B2E3A37020064AD7B /* NewTaskVM.swift */; };
		F8FA2E7E2E3A533F0064AD7B /* EditTaskVM.swift in Sources */ = {isa = PBXBuildFile; fileRef = F8FA2E7D2E3A53340064AD7B /* EditTaskVM.swift */; };
		F8FA2E852E3A7A600064AD7B /* CoreDataErrors.swift in Sources */ = {isa = PBXBuildFile; fileRef = F8FA2E842E3A7A5B0064AD7B /* CoreDataErrors.swift */; };
		F8FA2E952E3A8EA20064AD7B /* MainListVMTests.swift in Sources */ = {isa = PBXBuildFile; fileRef = F8FA2E932E3A8EA20064AD7B /* MainListVMTests.swift */; };
		F8FA2E972E3AFF280064AD7B /* NetworkAgentProtocol.swift in Sources */ = {isa = PBXBuildFile; fileRef = F8FA2E962E3AFF1D0064AD7B /* NetworkAgentProtocol.swift */; };
		F8FA2E992E3B05860064AD7B /* CoreDataManagerProtocol.swift in Sources */ = {isa = PBXBuildFile; fileRef = F8FA2E982E3B057C0064AD7B /* CoreDataManagerProtocol.swift */; };
		F8FA2E9C2E3B09C20064AD7B /* MockNetworkAgent.swift in Sources */ = {isa = PBXBuildFile; fileRef = F8FA2E9B2E3B09C10064AD7B /* MockNetworkAgent.swift */; };
		F8FA2E9E2E3B0A120064AD7B /* MockCoreDataManager.swift in Sources */ = {isa = PBXBuildFile; fileRef = F8FA2E9D2E3B0A100064AD7B /* MockCoreDataManager.swift */; };
		F8FA2EA02E3B0A730064AD7B /* SearchVMTests.swift in Sources */ = {isa = PBXBuildFile; fileRef = F8FA2E9F2E3B0A660064AD7B /* SearchVMTests.swift */; };
		F8FA2EA22E3B26210064AD7B /* NewTaskVMTests.swift in Sources */ = {isa = PBXBuildFile; fileRef = F8FA2EA12E3B26170064AD7B /* NewTaskVMTests.swift */; };
		F8FA2EA42E3B9BC40064AD7B /* EditTaskVMTests.swift in Sources */ = {isa = PBXBuildFile; fileRef = F8FA2EA32E3B9BBB0064AD7B /* EditTaskVMTests.swift */; };
/* End PBXBuildFile section */

/* Begin PBXContainerItemProxy section */
		F8FA2E8E2E3A8E990064AD7B /* PBXContainerItemProxy */ = {
			isa = PBXContainerItemProxy;
			containerPortal = F8F84EC42E328702003BC461 /* Project object */;
			proxyType = 1;
			remoteGlobalIDString = F8F84ECB2E328702003BC461;
			remoteInfo = EffectiveMobileTest;
		};
/* End PBXContainerItemProxy section */

/* Begin PBXFileReference section */
		F8F84ECC2E328702003BC461 /* EffectiveMobileTest.app */ = {isa = PBXFileReference; explicitFileType = wrapper.application; includeInIndex = 0; path = EffectiveMobileTest.app; sourceTree = BUILT_PRODUCTS_DIR; };
		F8F84EDF2E328727003BC461 /* Assets.xcassets */ = {isa = PBXFileReference; lastKnownFileType = folder.assetcatalog; path = Assets.xcassets; sourceTree = "<group>"; };
		F8F84EE22E328727003BC461 /* EffectiveMobileTestApp.swift */ = {isa = PBXFileReference; lastKnownFileType = sourcecode.swift; path = EffectiveMobileTestApp.swift; sourceTree = "<group>"; };
		F8F84EE52E328727003BC461 /* TodoModel.xcdatamodel */ = {isa = PBXFileReference; lastKnownFileType = wrapper.xcdatamodel; path = TodoModel.xcdatamodel; sourceTree = "<group>"; };
		F8F84EEF2E328810003BC461 /* Router.swift */ = {isa = PBXFileReference; lastKnownFileType = sourcecode.swift; path = Router.swift; sourceTree = "<group>"; };
		F8F84EF22E328832003BC461 /* Route.swift */ = {isa = PBXFileReference; lastKnownFileType = sourcecode.swift; path = Route.swift; sourceTree = "<group>"; };
		F8F84EF62E3288C1003BC461 /* MainListView.swift */ = {isa = PBXFileReference; lastKnownFileType = sourcecode.swift; path = MainListView.swift; sourceTree = "<group>"; };
		F8F84EFA2E328E4F003BC461 /* TodoResponse.swift */ = {isa = PBXFileReference; lastKnownFileType = sourcecode.swift; path = TodoResponse.swift; sourceTree = "<group>"; };
		F8F84EFE2E328E89003BC461 /* NetworkAgent.swift */ = {isa = PBXFileReference; lastKnownFileType = sourcecode.swift; path = NetworkAgent.swift; sourceTree = "<group>"; };
		F8F84EFF2E328E89003BC461 /* NetworkErrors.swift */ = {isa = PBXFileReference; lastKnownFileType = sourcecode.swift; path = NetworkErrors.swift; sourceTree = "<group>"; };
		F8F84F0B2E329297003BC461 /* CoreDataManager.swift */ = {isa = PBXFileReference; lastKnownFileType = sourcecode.swift; path = CoreDataManager.swift; sourceTree = "<group>"; };
		F8F84F0F2E3293AA003BC461 /* MainListVM.swift */ = {isa = PBXFileReference; lastKnownFileType = sourcecode.swift; path = MainListVM.swift; sourceTree = "<group>"; };
		F8FA2E652E32A71B0064AD7B /* NewTaskView.swift */ = {isa = PBXFileReference; lastKnownFileType = sourcecode.swift; path = NewTaskView.swift; sourceTree = "<group>"; };
		F8FA2E682E32AA890064AD7B /* MainListToolbar.swift */ = {isa = PBXFileReference; lastKnownFileType = sourcecode.swift; path = MainListToolbar.swift; sourceTree = "<group>"; };
		F8FA2E6A2E32AB4B0064AD7B /* SearchView.swift */ = {isa = PBXFileReference; lastKnownFileType = sourcecode.swift; path = SearchView.swift; sourceTree = "<group>"; };
		F8FA2E6C2E32B7330064AD7B /* EditTaskView.swift */ = {isa = PBXFileReference; lastKnownFileType = sourcecode.swift; path = EditTaskView.swift; sourceTree = "<group>"; };
		F8FA2E6E2E3324870064AD7B /* ListContextMenu.swift */ = {isa = PBXFileReference; lastKnownFileType = sourcecode.swift; path = ListContextMenu.swift; sourceTree = "<group>"; };
		F8FA2E722E3326040064AD7B /* CheckButton.swift */ = {isa = PBXFileReference; lastKnownFileType = sourcecode.swift; path = CheckButton.swift; sourceTree = "<group>"; };
		F8FA2E742E3361610064AD7B /* EditViewToolbar.swift */ = {isa = PBXFileReference; lastKnownFileType = sourcecode.swift; path = EditViewToolbar.swift; sourceTree = "<group>"; };
		F8FA2E772E3362D30064AD7B /* Data.swift */ = {isa = PBXFileReference; lastKnownFileType = sourcecode.swift; path = Data.swift; sourceTree = "<group>"; };
		F8FA2E792E35297D0064AD7B /* SearchVM.swift */ = {isa = PBXFileReference; lastKnownFileType = sourcecode.swift; path = SearchVM.swift; sourceTree = "<group>"; };
		F8FA2E7B2E3A37020064AD7B /* NewTaskVM.swift */ = {isa = PBXFileReference; lastKnownFileType = sourcecode.swift; path = NewTaskVM.swift; sourceTree = "<group>"; };
		F8FA2E7D2E3A53340064AD7B /* EditTaskVM.swift */ = {isa = PBXFileReference; lastKnownFileType = sourcecode.swift; path = EditTaskVM.swift; sourceTree = "<group>"; };
		F8FA2E842E3A7A5B0064AD7B /* CoreDataErrors.swift */ = {isa = PBXFileReference; lastKnownFileType = sourcecode.swift; path = CoreDataErrors.swift; sourceTree = "<group>"; };
		F8FA2E8A2E3A8E990064AD7B /* EMUnitTests.xctest */ = {isa = PBXFileReference; explicitFileType = wrapper.cfbundle; includeInIndex = 0; path = EMUnitTests.xctest; sourceTree = BUILT_PRODUCTS_DIR; };
		F8FA2E932E3A8EA20064AD7B /* MainListVMTests.swift */ = {isa = PBXFileReference; lastKnownFileType = sourcecode.swift; path = MainListVMTests.swift; sourceTree = "<group>"; };
		F8FA2E962E3AFF1D0064AD7B /* NetworkAgentProtocol.swift */ = {isa = PBXFileReference; lastKnownFileType = sourcecode.swift; path = NetworkAgentProtocol.swift; sourceTree = "<group>"; };
		F8FA2E982E3B057C0064AD7B /* CoreDataManagerProtocol.swift */ = {isa = PBXFileReference; lastKnownFileType = sourcecode.swift; path = CoreDataManagerProtocol.swift; sourceTree = "<group>"; };
		F8FA2E9B2E3B09C10064AD7B /* MockNetworkAgent.swift */ = {isa = PBXFileReference; lastKnownFileType = sourcecode.swift; path = MockNetworkAgent.swift; sourceTree = "<group>"; };
		F8FA2E9D2E3B0A100064AD7B /* MockCoreDataManager.swift */ = {isa = PBXFileReference; lastKnownFileType = sourcecode.swift; path = MockCoreDataManager.swift; sourceTree = "<group>"; };
		F8FA2E9F2E3B0A660064AD7B /* SearchVMTests.swift */ = {isa = PBXFileReference; lastKnownFileType = sourcecode.swift; path = SearchVMTests.swift; sourceTree = "<group>"; };
		F8FA2EA12E3B26170064AD7B /* NewTaskVMTests.swift */ = {isa = PBXFileReference; lastKnownFileType = sourcecode.swift; path = NewTaskVMTests.swift; sourceTree = "<group>"; };
		F8FA2EA32E3B9BBB0064AD7B /* EditTaskVMTests.swift */ = {isa = PBXFileReference; lastKnownFileType = sourcecode.swift; path = EditTaskVMTests.swift; sourceTree = "<group>"; };
/* End PBXFileReference section */

/* Begin PBXFrameworksBuildPhase section */
		F8F84EC92E328702003BC461 /* Frameworks */ = {
			isa = PBXFrameworksBuildPhase;
			buildActionMask = 2147483647;
			files = (
			);
			runOnlyForDeploymentPostprocessing = 0;
		};
		F8FA2E872E3A8E990064AD7B /* Frameworks */ = {
			isa = PBXFrameworksBuildPhase;
			buildActionMask = 2147483647;
			files = (
			);
			runOnlyForDeploymentPostprocessing = 0;
		};
/* End PBXFrameworksBuildPhase section */

/* Begin PBXGroup section */
		F8F84EC32E328702003BC461 = {
			isa = PBXGroup;
			children = (
				F8F84EE42E328727003BC461 /* EffectiveMobileTest */,
				F8F84ECD2E328702003BC461 /* Products */,
			);
			sourceTree = "<group>";
		};
		F8F84ECD2E328702003BC461 /* Products */ = {
			isa = PBXGroup;
			children = (
				F8F84ECC2E328702003BC461 /* EffectiveMobileTest.app */,
				F8FA2E8A2E3A8E990064AD7B /* EMUnitTests.xctest */,
			);
			name = Products;
			sourceTree = "<group>";
		};
		F8F84EE42E328727003BC461 /* EffectiveMobileTest */ = {
			isa = PBXGroup;
			children = (
				F8FA2E802E3A77670064AD7B /* App */,
				F8FA2E812E3A777E0064AD7B /* Core */,
				F8F84EEE2E328776003BC461 /* Data */,
				F8F84EEB2E328740003BC461 /* MVVM */,
				F8FA2E942E3A8EA20064AD7B /* Tests */,
				F8F84EED2E32876C003BC461 /* Resources */,
			);
			path = EffectiveMobileTest;
			sourceTree = "<group>";
		};
		F8F84EEB2E328740003BC461 /* MVVM */ = {
			isa = PBXGroup;
			children = (
				F8F84EF52E3288BC003BC461 /* Views */,
				F8F84EF42E3288B4003BC461 /* ViewModels */,
				F8F84EF12E32882F003BC461 /* Model */,
				F8FA2E672E32AA7F0064AD7B /* Components */,
			);
			path = MVVM;
			sourceTree = "<group>";
		};
		F8F84EEC2E32874F003BC461 /* Network */ = {
			isa = PBXGroup;
			children = (
				F8FA2E962E3AFF1D0064AD7B /* NetworkAgentProtocol.swift */,
				F8F84EFE2E328E89003BC461 /* NetworkAgent.swift */,
				F8F84EFF2E328E89003BC461 /* NetworkErrors.swift */,
			);
			path = Network;
			sourceTree = "<group>";
		};
		F8F84EED2E32876C003BC461 /* Resources */ = {
			isa = PBXGroup;
			children = (
				F8F84EDF2E328727003BC461 /* Assets.xcassets */,
			);
			path = Resources;
			sourceTree = "<group>";
		};
		F8F84EEE2E328776003BC461 /* Data */ = {
			isa = PBXGroup;
			children = (
				F8FA2E832E3A78260064AD7B /* Persistence */,
				F8F84EEC2E32874F003BC461 /* Network */,
			);
			path = Data;
			sourceTree = "<group>";
		};
		F8F84EF12E32882F003BC461 /* Model */ = {
			isa = PBXGroup;
			children = (
				F8F84EFA2E328E4F003BC461 /* TodoResponse.swift */,
			);
			path = Model;
			sourceTree = "<group>";
		};
		F8F84EF42E3288B4003BC461 /* ViewModels */ = {
			isa = PBXGroup;
			children = (
				F8FA2E7D2E3A53340064AD7B /* EditTaskVM.swift */,
				F8FA2E7B2E3A37020064AD7B /* NewTaskVM.swift */,
				F8FA2E792E35297D0064AD7B /* SearchVM.swift */,
				F8F84F0F2E3293AA003BC461 /* MainListVM.swift */,
			);
			path = ViewModels;
			sourceTree = "<group>";
		};
		F8F84EF52E3288BC003BC461 /* Views */ = {
			isa = PBXGroup;
			children = (
				F8FA2E6C2E32B7330064AD7B /* EditTaskView.swift */,
				F8FA2E6A2E32AB4B0064AD7B /* SearchView.swift */,
				F8FA2E652E32A71B0064AD7B /* NewTaskView.swift */,
				F8F84EF62E3288C1003BC461 /* MainListView.swift */,
			);
			path = Views;
			sourceTree = "<group>";
		};
		F8FA2E672E32AA7F0064AD7B /* Components */ = {
			isa = PBXGroup;
			children = (
				F8FA2E722E3326040064AD7B /* CheckButton.swift */,
				F8FA2E6E2E3324870064AD7B /* ListContextMenu.swift */,
				F8FA2E682E32AA890064AD7B /* MainListToolbar.swift */,
				F8FA2E742E3361610064AD7B /* EditViewToolbar.swift */,
			);
			path = Components;
			sourceTree = "<group>";
		};
		F8FA2E762E3362CD0064AD7B /* Extentions */ = {
			isa = PBXGroup;
			children = (
				F8FA2E772E3362D30064AD7B /* Data.swift */,
			);
			path = Extentions;
			sourceTree = "<group>";
		};
		F8FA2E7F2E3A76780064AD7B /* Navigation */ = {
			isa = PBXGroup;
			children = (
				F8F84EEF2E328810003BC461 /* Router.swift */,
				F8F84EF22E328832003BC461 /* Route.swift */,
			);
			path = Navigation;
			sourceTree = "<group>";
		};
		F8FA2E802E3A77670064AD7B /* App */ = {
			isa = PBXGroup;
			children = (
				F8F84EE22E328727003BC461 /* EffectiveMobileTestApp.swift */,
			);
			path = App;
			sourceTree = "<group>";
		};
		F8FA2E812E3A777E0064AD7B /* Core */ = {
			isa = PBXGroup;
			children = (
				F8FA2E7F2E3A76780064AD7B /* Navigation */,
				F8FA2E762E3362CD0064AD7B /* Extentions */,
			);
			path = Core;
			sourceTree = "<group>";
		};
		F8FA2E832E3A78260064AD7B /* Persistence */ = {
			isa = PBXGroup;
			children = (
				F8FA2E982E3B057C0064AD7B /* CoreDataManagerProtocol.swift */,
				F8F84EE12E328727003BC461 /* TodoModel.xcdatamodeld */,
				F8FA2E842E3A7A5B0064AD7B /* CoreDataErrors.swift */,
				F8F84F0B2E329297003BC461 /* CoreDataManager.swift */,
			);
			path = Persistence;
			sourceTree = "<group>";
		};
		F8FA2E942E3A8EA20064AD7B /* Tests */ = {
			isa = PBXGroup;
			children = (
				F8FA2EA32E3B9BBB0064AD7B /* EditTaskVMTests.swift */,
				F8FA2EA12E3B26170064AD7B /* NewTaskVMTests.swift */,
				F8FA2E9F2E3B0A660064AD7B /* SearchVMTests.swift */,
				F8FA2E932E3A8EA20064AD7B /* MainListVMTests.swift */,
				F8FA2E9A2E3B09B40064AD7B /* Mocks */,
			);
			path = Tests;
			sourceTree = "<group>";
		};
		F8FA2E9A2E3B09B40064AD7B /* Mocks */ = {
			isa = PBXGroup;
			children = (
				F8FA2E9D2E3B0A100064AD7B /* MockCoreDataManager.swift */,
				F8FA2E9B2E3B09C10064AD7B /* MockNetworkAgent.swift */,
			);
			path = Mocks;
			sourceTree = "<group>";
		};
/* End PBXGroup section */

/* Begin PBXNativeTarget section */
		F8F84ECB2E328702003BC461 /* EffectiveMobileTest */ = {
			isa = PBXNativeTarget;
			buildConfigurationList = F8F84EDC2E328704003BC461 /* Build configuration list for PBXNativeTarget "EffectiveMobileTest" */;
			buildPhases = (
				F8F84EC82E328702003BC461 /* Sources */,
				F8F84EC92E328702003BC461 /* Frameworks */,
				F8F84ECA2E328702003BC461 /* Resources */,
			);
			buildRules = (
			);
			dependencies = (
			);
			name = EffectiveMobileTest;
			packageProductDependencies = (
			);
			productName = EffectiveMobileTest;
			productReference = F8F84ECC2E328702003BC461 /* EffectiveMobileTest.app */;
			productType = "com.apple.product-type.application";
		};
		F8FA2E892E3A8E990064AD7B /* EMUnitTests */ = {
			isa = PBXNativeTarget;
			buildConfigurationList = F8FA2E902E3A8E990064AD7B /* Build configuration list for PBXNativeTarget "EMUnitTests" */;
			buildPhases = (
				F8FA2E862E3A8E990064AD7B /* Sources */,
				F8FA2E872E3A8E990064AD7B /* Frameworks */,
				F8FA2E882E3A8E990064AD7B /* Resources */,
			);
			buildRules = (
			);
			dependencies = (
				F8FA2E8F2E3A8E990064AD7B /* PBXTargetDependency */,
			);
			name = EMUnitTests;
			packageProductDependencies = (
			);
			productName = EMUnitTests;
			productReference = F8FA2E8A2E3A8E990064AD7B /* EMUnitTests.xctest */;
			productType = "com.apple.product-type.bundle.unit-test";
		};
/* End PBXNativeTarget section */

/* Begin PBXProject section */
		F8F84EC42E328702003BC461 /* Project object */ = {
			isa = PBXProject;
			attributes = {
				BuildIndependentTargetsInParallel = 1;
				LastSwiftUpdateCheck = 1640;
				LastUpgradeCheck = 1640;
				TargetAttributes = {
					F8F84ECB2E328702003BC461 = {
						CreatedOnToolsVersion = 16.4;
					};
					F8FA2E892E3A8E990064AD7B = {
						CreatedOnToolsVersion = 16.4;
						TestTargetID = F8F84ECB2E328702003BC461;
					};
				};
			};
			buildConfigurationList = F8F84EC72E328702003BC461 /* Build configuration list for PBXProject "EffectiveMobileTest" */;
			developmentRegion = en;
			hasScannedForEncodings = 0;
			knownRegions = (
				en,
				Base,
			);
			mainGroup = F8F84EC32E328702003BC461;
			minimizedProjectReferenceProxies = 1;
			preferredProjectObjectVersion = 77;
			productRefGroup = F8F84ECD2E328702003BC461 /* Products */;
			projectDirPath = "";
			projectRoot = "";
			targets = (
				F8F84ECB2E328702003BC461 /* EffectiveMobileTest */,
				F8FA2E892E3A8E990064AD7B /* EMUnitTests */,
			);
		};
/* End PBXProject section */

/* Begin PBXResourcesBuildPhase section */
		F8F84ECA2E328702003BC461 /* Resources */ = {
			isa = PBXResourcesBuildPhase;
			buildActionMask = 2147483647;
			files = (
				F8F84EEA2E328727003BC461 /* Assets.xcassets in Resources */,
			);
			runOnlyForDeploymentPostprocessing = 0;
		};
		F8FA2E882E3A8E990064AD7B /* Resources */ = {
			isa = PBXResourcesBuildPhase;
			buildActionMask = 2147483647;
			files = (
			);
			runOnlyForDeploymentPostprocessing = 0;
		};
/* End PBXResourcesBuildPhase section */

/* Begin PBXSourcesBuildPhase section */
		F8F84EC82E328702003BC461 /* Sources */ = {
			isa = PBXSourcesBuildPhase;
			buildActionMask = 2147483647;
			files = (
				F8F84EE72E328727003BC461 /* TodoModel.xcdatamodeld in Sources */,
				F8FA2E6D2E32B7340064AD7B /* EditTaskView.swift in Sources */,
				F8FA2E732E3326080064AD7B /* CheckButton.swift in Sources */,
				F8F84EF72E3288C3003BC461 /* MainListView.swift in Sources */,
				F8FA2E972E3AFF280064AD7B /* NetworkAgentProtocol.swift in Sources */,
				F8F84EF02E328810003BC461 /* Router.swift in Sources */,
				F8F84F102E3293AE003BC461 /* MainListVM.swift in Sources */,
				F8FA2E782E3362D50064AD7B /* Data.swift in Sources */,
				F8FA2E992E3B05860064AD7B /* CoreDataManagerProtocol.swift in Sources */,
				F8F84EFB2E328E6B003BC461 /* TodoResponse.swift in Sources */,
				F8FA2E7E2E3A533F0064AD7B /* EditTaskVM.swift in Sources */,
				F8F84EF32E328832003BC461 /* Route.swift in Sources */,
				F8FA2E662E32A71C0064AD7B /* NewTaskView.swift in Sources */,
				F8FA2E7C2E3A370C0064AD7B /* NewTaskVM.swift in Sources */,
				F8FA2E6F2E3324930064AD7B /* ListContextMenu.swift in Sources */,
				F8F84F0C2E32929B003BC461 /* CoreDataManager.swift in Sources */,
				F8F84EE82E328727003BC461 /* EffectiveMobileTestApp.swift in Sources */,
				F8FA2E6B2E32AB4C0064AD7B /* SearchView.swift in Sources */,
				F8F84F052E328E89003BC461 /* NetworkErrors.swift in Sources */,
				F8FA2E752E33616C0064AD7B /* EditViewToolbar.swift in Sources */,
				F8FA2E852E3A7A600064AD7B /* CoreDataErrors.swift in Sources */,
				F8FA2E692E32AA920064AD7B /* MainListToolbar.swift in Sources */,
				F8FA2E7A2E3529870064AD7B /* SearchVM.swift in Sources */,
				F8F84F062E328E89003BC461 /* NetworkAgent.swift in Sources */,
			);
			runOnlyForDeploymentPostprocessing = 0;
		};
		F8FA2E862E3A8E990064AD7B /* Sources */ = {
			isa = PBXSourcesBuildPhase;
			buildActionMask = 2147483647;
			files = (
				F8FA2EA22E3B26210064AD7B /* NewTaskVMTests.swift in Sources */,
				F8FA2E9E2E3B0A120064AD7B /* MockCoreDataManager.swift in Sources */,
				F8FA2EA02E3B0A730064AD7B /* SearchVMTests.swift in Sources */,
				F8FA2E9C2E3B09C20064AD7B /* MockNetworkAgent.swift in Sources */,
				F8FA2E952E3A8EA20064AD7B /* MainListVMTests.swift in Sources */,
				F8FA2EA42E3B9BC40064AD7B /* EditTaskVMTests.swift in Sources */,
			);
			runOnlyForDeploymentPostprocessing = 0;
		};
/* End PBXSourcesBuildPhase section */

/* Begin PBXTargetDependency section */
		F8FA2E8F2E3A8E990064AD7B /* PBXTargetDependency */ = {
			isa = PBXTargetDependency;
			target = F8F84ECB2E328702003BC461 /* EffectiveMobileTest */;
			targetProxy = F8FA2E8E2E3A8E990064AD7B /* PBXContainerItemProxy */;
		};
/* End PBXTargetDependency section */

/* Begin XCBuildConfiguration section */
		F8F84EDA2E328704003BC461 /* Debug */ = {
			isa = XCBuildConfiguration;
			buildSettings = {
				ALWAYS_SEARCH_USER_PATHS = NO;
				ASSETCATALOG_COMPILER_GENERATE_SWIFT_ASSET_SYMBOL_EXTENSIONS = YES;
				CLANG_ANALYZER_NONNULL = YES;
				CLANG_ANALYZER_NUMBER_OBJECT_CONVERSION = YES_AGGRESSIVE;
				CLANG_CXX_LANGUAGE_STANDARD = "gnu++20";
				CLANG_ENABLE_MODULES = YES;
				CLANG_ENABLE_OBJC_ARC = YES;
				CLANG_ENABLE_OBJC_WEAK = YES;
				CLANG_WARN_BLOCK_CAPTURE_AUTORELEASING = YES;
				CLANG_WARN_BOOL_CONVERSION = YES;
				CLANG_WARN_COMMA = YES;
				CLANG_WARN_CONSTANT_CONVERSION = YES;
				CLANG_WARN_DEPRECATED_OBJC_IMPLEMENTATIONS = YES;
				CLANG_WARN_DIRECT_OBJC_ISA_USAGE = YES_ERROR;
				CLANG_WARN_DOCUMENTATION_COMMENTS = YES;
				CLANG_WARN_EMPTY_BODY = YES;
				CLANG_WARN_ENUM_CONVERSION = YES;
				CLANG_WARN_INFINITE_RECURSION = YES;
				CLANG_WARN_INT_CONVERSION = YES;
				CLANG_WARN_NON_LITERAL_NULL_CONVERSION = YES;
				CLANG_WARN_OBJC_IMPLICIT_RETAIN_SELF = YES;
				CLANG_WARN_OBJC_LITERAL_CONVERSION = YES;
				CLANG_WARN_OBJC_ROOT_CLASS = YES_ERROR;
				CLANG_WARN_QUOTED_INCLUDE_IN_FRAMEWORK_HEADER = YES;
				CLANG_WARN_RANGE_LOOP_ANALYSIS = YES;
				CLANG_WARN_STRICT_PROTOTYPES = YES;
				CLANG_WARN_SUSPICIOUS_MOVE = YES;
				CLANG_WARN_UNGUARDED_AVAILABILITY = YES_AGGRESSIVE;
				CLANG_WARN_UNREACHABLE_CODE = YES;
				CLANG_WARN__DUPLICATE_METHOD_MATCH = YES;
				COPY_PHASE_STRIP = NO;
				DEBUG_INFORMATION_FORMAT = dwarf;
				DEVELOPMENT_TEAM = JCJC2M47X2;
				ENABLE_STRICT_OBJC_MSGSEND = YES;
				ENABLE_TESTABILITY = YES;
				ENABLE_USER_SCRIPT_SANDBOXING = YES;
				GCC_C_LANGUAGE_STANDARD = gnu17;
				GCC_DYNAMIC_NO_PIC = NO;
				GCC_NO_COMMON_BLOCKS = YES;
				GCC_OPTIMIZATION_LEVEL = 0;
				GCC_PREPROCESSOR_DEFINITIONS = (
					"DEBUG=1",
					"$(inherited)",
				);
				GCC_WARN_64_TO_32_BIT_CONVERSION = YES;
				GCC_WARN_ABOUT_RETURN_TYPE = YES_ERROR;
				GCC_WARN_UNDECLARED_SELECTOR = YES;
				GCC_WARN_UNINITIALIZED_AUTOS = YES_AGGRESSIVE;
				GCC_WARN_UNUSED_FUNCTION = YES;
				GCC_WARN_UNUSED_VARIABLE = YES;
				IPHONEOS_DEPLOYMENT_TARGET = 18.5;
				LOCALIZATION_PREFERS_STRING_CATALOGS = YES;
				MTL_ENABLE_DEBUG_INFO = INCLUDE_SOURCE;
				MTL_FAST_MATH = YES;
				ONLY_ACTIVE_ARCH = YES;
				SDKROOT = iphoneos;
				SWIFT_ACTIVE_COMPILATION_CONDITIONS = "DEBUG $(inherited)";
				SWIFT_OPTIMIZATION_LEVEL = "-Onone";
			};
			name = Debug;
		};
		F8F84EDB2E328704003BC461 /* Release */ = {
			isa = XCBuildConfiguration;
			buildSettings = {
				ALWAYS_SEARCH_USER_PATHS = NO;
				ASSETCATALOG_COMPILER_GENERATE_SWIFT_ASSET_SYMBOL_EXTENSIONS = YES;
				CLANG_ANALYZER_NONNULL = YES;
				CLANG_ANALYZER_NUMBER_OBJECT_CONVERSION = YES_AGGRESSIVE;
				CLANG_CXX_LANGUAGE_STANDARD = "gnu++20";
				CLANG_ENABLE_MODULES = YES;
				CLANG_ENABLE_OBJC_ARC = YES;
				CLANG_ENABLE_OBJC_WEAK = YES;
				CLANG_WARN_BLOCK_CAPTURE_AUTORELEASING = YES;
				CLANG_WARN_BOOL_CONVERSION = YES;
				CLANG_WARN_COMMA = YES;
				CLANG_WARN_CONSTANT_CONVERSION = YES;
				CLANG_WARN_DEPRECATED_OBJC_IMPLEMENTATIONS = YES;
				CLANG_WARN_DIRECT_OBJC_ISA_USAGE = YES_ERROR;
				CLANG_WARN_DOCUMENTATION_COMMENTS = YES;
				CLANG_WARN_EMPTY_BODY = YES;
				CLANG_WARN_ENUM_CONVERSION = YES;
				CLANG_WARN_INFINITE_RECURSION = YES;
				CLANG_WARN_INT_CONVERSION = YES;
				CLANG_WARN_NON_LITERAL_NULL_CONVERSION = YES;
				CLANG_WARN_OBJC_IMPLICIT_RETAIN_SELF = YES;
				CLANG_WARN_OBJC_LITERAL_CONVERSION = YES;
				CLANG_WARN_OBJC_ROOT_CLASS = YES_ERROR;
				CLANG_WARN_QUOTED_INCLUDE_IN_FRAMEWORK_HEADER = YES;
				CLANG_WARN_RANGE_LOOP_ANALYSIS = YES;
				CLANG_WARN_STRICT_PROTOTYPES = YES;
				CLANG_WARN_SUSPICIOUS_MOVE = YES;
				CLANG_WARN_UNGUARDED_AVAILABILITY = YES_AGGRESSIVE;
				CLANG_WARN_UNREACHABLE_CODE = YES;
				CLANG_WARN__DUPLICATE_METHOD_MATCH = YES;
				COPY_PHASE_STRIP = NO;
				DEBUG_INFORMATION_FORMAT = "dwarf-with-dsym";
				DEVELOPMENT_TEAM = JCJC2M47X2;
				ENABLE_NS_ASSERTIONS = NO;
				ENABLE_STRICT_OBJC_MSGSEND = YES;
				ENABLE_USER_SCRIPT_SANDBOXING = YES;
				GCC_C_LANGUAGE_STANDARD = gnu17;
				GCC_NO_COMMON_BLOCKS = YES;
				GCC_WARN_64_TO_32_BIT_CONVERSION = YES;
				GCC_WARN_ABOUT_RETURN_TYPE = YES_ERROR;
				GCC_WARN_UNDECLARED_SELECTOR = YES;
				GCC_WARN_UNINITIALIZED_AUTOS = YES_AGGRESSIVE;
				GCC_WARN_UNUSED_FUNCTION = YES;
				GCC_WARN_UNUSED_VARIABLE = YES;
				IPHONEOS_DEPLOYMENT_TARGET = 18.5;
				LOCALIZATION_PREFERS_STRING_CATALOGS = YES;
				MTL_ENABLE_DEBUG_INFO = NO;
				MTL_FAST_MATH = YES;
				SDKROOT = iphoneos;
				SWIFT_COMPILATION_MODE = wholemodule;
				VALIDATE_PRODUCT = YES;
			};
			name = Release;
		};
		F8F84EDD2E328704003BC461 /* Debug */ = {
			isa = XCBuildConfiguration;
			buildSettings = {
				ASSETCATALOG_COMPILER_APPICON_NAME = AppIcon;
				ASSETCATALOG_COMPILER_GLOBAL_ACCENT_COLOR_NAME = AccentColor;
				CODE_SIGN_STYLE = Automatic;
				CURRENT_PROJECT_VERSION = 1;
				DEVELOPMENT_TEAM = JCJC2M47X2;
				ENABLE_PREVIEWS = YES;
				GENERATE_INFOPLIST_FILE = YES;
				INFOPLIST_KEY_UIApplicationSceneManifest_Generation = YES;
				INFOPLIST_KEY_UIApplicationSupportsIndirectInputEvents = YES;
				INFOPLIST_KEY_UILaunchScreen_Generation = YES;
				INFOPLIST_KEY_UISupportedInterfaceOrientations_iPad = "UIInterfaceOrientationPortrait UIInterfaceOrientationPortraitUpsideDown UIInterfaceOrientationLandscapeLeft UIInterfaceOrientationLandscapeRight";
				INFOPLIST_KEY_UISupportedInterfaceOrientations_iPhone = "UIInterfaceOrientationPortrait UIInterfaceOrientationLandscapeLeft UIInterfaceOrientationLandscapeRight";
				LD_RUNPATH_SEARCH_PATHS = (
					"$(inherited)",
					"@executable_path/Frameworks",
				);
				MARKETING_VERSION = 1.0;
				PRODUCT_BUNDLE_IDENTIFIER = "Vitaly-Volshin.EffectiveMobileTest";
				PRODUCT_NAME = "$(TARGET_NAME)";
				SWIFT_EMIT_LOC_STRINGS = YES;
				SWIFT_VERSION = 5.0;
				TARGETED_DEVICE_FAMILY = "1,2";
			};
			name = Debug;
		};
		F8F84EDE2E328704003BC461 /* Release */ = {
			isa = XCBuildConfiguration;
			buildSettings = {
				ASSETCATALOG_COMPILER_APPICON_NAME = AppIcon;
				ASSETCATALOG_COMPILER_GLOBAL_ACCENT_COLOR_NAME = AccentColor;
				CODE_SIGN_STYLE = Automatic;
				CURRENT_PROJECT_VERSION = 1;
				DEVELOPMENT_TEAM = JCJC2M47X2;
				ENABLE_PREVIEWS = YES;
				GENERATE_INFOPLIST_FILE = YES;
				INFOPLIST_KEY_UIApplicationSceneManifest_Generation = YES;
				INFOPLIST_KEY_UIApplicationSupportsIndirectInputEvents = YES;
				INFOPLIST_KEY_UILaunchScreen_Generation = YES;
				INFOPLIST_KEY_UISupportedInterfaceOrientations_iPad = "UIInterfaceOrientationPortrait UIInterfaceOrientationPortraitUpsideDown UIInterfaceOrientationLandscapeLeft UIInterfaceOrientationLandscapeRight";
				INFOPLIST_KEY_UISupportedInterfaceOrientations_iPhone = "UIInterfaceOrientationPortrait UIInterfaceOrientationLandscapeLeft UIInterfaceOrientationLandscapeRight";
				LD_RUNPATH_SEARCH_PATHS = (
					"$(inherited)",
					"@executable_path/Frameworks",
				);
				MARKETING_VERSION = 1.0;
				PRODUCT_BUNDLE_IDENTIFIER = "Vitaly-Volshin.EffectiveMobileTest";
				PRODUCT_NAME = "$(TARGET_NAME)";
				SWIFT_EMIT_LOC_STRINGS = YES;
				SWIFT_VERSION = 5.0;
				TARGETED_DEVICE_FAMILY = "1,2";
			};
			name = Release;
		};
		F8FA2E912E3A8E990064AD7B /* Debug */ = {
			isa = XCBuildConfiguration;
			buildSettings = {
				BUNDLE_LOADER = "$(TEST_HOST)";
				CODE_SIGN_STYLE = Automatic;
				CURRENT_PROJECT_VERSION = 1;
				DEVELOPMENT_TEAM = JCJC2M47X2;
				GENERATE_INFOPLIST_FILE = YES;
				MARKETING_VERSION = 1.0;
				PRODUCT_BUNDLE_IDENTIFIER = "Vitaly-Volshin.EMUnitTests";
				PRODUCT_NAME = "$(TARGET_NAME)";
				SWIFT_EMIT_LOC_STRINGS = NO;
				SWIFT_VERSION = 5.0;
				TARGETED_DEVICE_FAMILY = "1,2";
				TEST_HOST = "$(BUILT_PRODUCTS_DIR)/EffectiveMobileTest.app/$(BUNDLE_EXECUTABLE_FOLDER_PATH)/EffectiveMobileTest";
			};
			name = Debug;
		};
		F8FA2E922E3A8E990064AD7B /* Release */ = {
			isa = XCBuildConfiguration;
			buildSettings = {
				BUNDLE_LOADER = "$(TEST_HOST)";
				CODE_SIGN_STYLE = Automatic;
				CURRENT_PROJECT_VERSION = 1;
				DEVELOPMENT_TEAM = JCJC2M47X2;
				GENERATE_INFOPLIST_FILE = YES;
				MARKETING_VERSION = 1.0;
				PRODUCT_BUNDLE_IDENTIFIER = "Vitaly-Volshin.EMUnitTests";
				PRODUCT_NAME = "$(TARGET_NAME)";
				SWIFT_EMIT_LOC_STRINGS = NO;
				SWIFT_VERSION = 5.0;
				TARGETED_DEVICE_FAMILY = "1,2";
				TEST_HOST = "$(BUILT_PRODUCTS_DIR)/EffectiveMobileTest.app/$(BUNDLE_EXECUTABLE_FOLDER_PATH)/EffectiveMobileTest";
			};
			name = Release;
		};
/* End XCBuildConfiguration section */

/* Begin XCConfigurationList section */
		F8F84EC72E328702003BC461 /* Build configuration list for PBXProject "EffectiveMobileTest" */ = {
			isa = XCConfigurationList;
			buildConfigurations = (
				F8F84EDA2E328704003BC461 /* Debug */,
				F8F84EDB2E328704003BC461 /* Release */,
			);
			defaultConfigurationIsVisible = 0;
			defaultConfigurationName = Release;
		};
		F8F84EDC2E328704003BC461 /* Build configuration list for PBXNativeTarget "EffectiveMobileTest" */ = {
			isa = XCConfigurationList;
			buildConfigurations = (
				F8F84EDD2E328704003BC461 /* Debug */,
				F8F84EDE2E328704003BC461 /* Release */,
			);
			defaultConfigurationIsVisible = 0;
			defaultConfigurationName = Release;
		};
		F8FA2E902E3A8E990064AD7B /* Build configuration list for PBXNativeTarget "EMUnitTests" */ = {
			isa = XCConfigurationList;
			buildConfigurations = (
				F8FA2E912E3A8E990064AD7B /* Debug */,
				F8FA2E922E3A8E990064AD7B /* Release */,
			);
			defaultConfigurationIsVisible = 0;
			defaultConfigurationName = Release;
		};
/* End XCConfigurationList section */

/* Begin XCVersionGroup section */
		F8F84EE12E328727003BC461 /* TodoModel.xcdatamodeld */ = {
			isa = XCVersionGroup;
			children = (
				F8F84EE52E328727003BC461 /* TodoModel.xcdatamodel */,
			);
			currentVersion = F8F84EE52E328727003BC461 /* TodoModel.xcdatamodel */;
			path = TodoModel.xcdatamodeld;
			sourceTree = "<group>";
			versionGroupType = wrapper.xcdatamodel;
		};
/* End XCVersionGroup section */
	};
	rootObject = F8F84EC42E328702003BC461 /* Project object */;
}
